// !$*UTF8*$!
{
	archiveVersion = 1;
	classes = {
	};
	objectVersion = 55;
	objects = {

/* Begin PBXBuildFile section */
		6765EBAC2898AA9C0045B221 /* AppDelegate.swift in Sources */ = {isa = PBXBuildFile; fileRef = 6765EBAB2898AA9C0045B221 /* AppDelegate.swift */; };
		6765EBAE2898AA9C0045B221 /* SceneDelegate.swift in Sources */ = {isa = PBXBuildFile; fileRef = 6765EBAD2898AA9C0045B221 /* SceneDelegate.swift */; };
		6765EBB02898AA9C0045B221 /* ViewController.swift in Sources */ = {isa = PBXBuildFile; fileRef = 6765EBAF2898AA9C0045B221 /* ViewController.swift */; };
		6765EBB32898AA9C0045B221 /* Main.storyboard in Resources */ = {isa = PBXBuildFile; fileRef = 6765EBB12898AA9C0045B221 /* Main.storyboard */; };
		6765EBB62898AA9D0045B221 /* todoList.xcdatamodeld in Sources */ = {isa = PBXBuildFile; fileRef = 6765EBB42898AA9D0045B221 /* todoList.xcdatamodeld */; };
		6765EBB82898AA9F0045B221 /* Assets.xcassets in Resources */ = {isa = PBXBuildFile; fileRef = 6765EBB72898AA9F0045B221 /* Assets.xcassets */; };
		6765EBBB2898AA9F0045B221 /* LaunchScreen.storyboard in Resources */ = {isa = PBXBuildFile; fileRef = 6765EBB92898AA9F0045B221 /* LaunchScreen.storyboard */; };
		6765EBC32898AEA30045B221 /* To-DoTableViewController.swift in Sources */ = {isa = PBXBuildFile; fileRef = 6765EBC22898AEA30045B221 /* To-DoTableViewController.swift */; };
		6765EBC52898AF250045B221 /* ToDo.swift in Sources */ = {isa = PBXBuildFile; fileRef = 6765EBC42898AF250045B221 /* ToDo.swift */; };
		67C41C8228996D2000C9BC81 /* addToDoViewController.swift in Sources */ = {isa = PBXBuildFile; fileRef = 67C41C8128996D2000C9BC81 /* addToDoViewController.swift */; };
		67C41C842899722E00C9BC81 /* completeToDoViewController.swift in Sources */ = {isa = PBXBuildFile; fileRef = 67C41C832899722E00C9BC81 /* completeToDoViewController.swift */; };
/* End PBXBuildFile section */

/* Begin PBXFileReference section */
		6765EBA82898AA9C0045B221 /* todoList.app */ = {isa = PBXFileReference; explicitFileType = wrapper.application; includeInIndex = 0; path = todoList.app; sourceTree = BUILT_PRODUCTS_DIR; };
		6765EBAB2898AA9C0045B221 /* AppDelegate.swift */ = {isa = PBXFileReference; lastKnownFileType = sourcecode.swift; path = AppDelegate.swift; sourceTree = "<group>"; };
		6765EBAD2898AA9C0045B221 /* SceneDelegate.swift */ = {isa = PBXFileReference; lastKnownFileType = sourcecode.swift; path = SceneDelegate.swift; sourceTree = "<group>"; };
		6765EBAF2898AA9C0045B221 /* ViewController.swift */ = {isa = PBXFileReference; lastKnownFileType = sourcecode.swift; path = ViewController.swift; sourceTree = "<group>"; };
		6765EBB22898AA9C0045B221 /* Base */ = {isa = PBXFileReference; lastKnownFileType = file.storyboard; name = Base; path = Base.lproj/Main.storyboard; sourceTree = "<group>"; };
		6765EBB52898AA9D0045B221 /* todoList.xcdatamodel */ = {isa = PBXFileReference; lastKnownFileType = wrapper.xcdatamodel; path = todoList.xcdatamodel; sourceTree = "<group>"; };
		6765EBB72898AA9F0045B221 /* Assets.xcassets */ = {isa = PBXFileReference; lastKnownFileType = folder.assetcatalog; path = Assets.xcassets; sourceTree = "<group>"; };
		6765EBBA2898AA9F0045B221 /* Base */ = {isa = PBXFileReference; lastKnownFileType = file.storyboard; name = Base; path = Base.lproj/LaunchScreen.storyboard; sourceTree = "<group>"; };
		6765EBBC2898AA9F0045B221 /* Info.plist */ = {isa = PBXFileReference; lastKnownFileType = text.plist.xml; path = Info.plist; sourceTree = "<group>"; };
		6765EBC22898AEA30045B221 /* To-DoTableViewController.swift */ = {isa = PBXFileReference; lastKnownFileType = sourcecode.swift; path = "To-DoTableViewController.swift"; sourceTree = "<group>"; };
		6765EBC42898AF250045B221 /* ToDo.swift */ = {isa = PBXFileReference; lastKnownFileType = sourcecode.swift; path = ToDo.swift; sourceTree = "<group>"; };
		67C41C8128996D2000C9BC81 /* addToDoViewController.swift */ = {isa = PBXFileReference; lastKnownFileType = sourcecode.swift; path = addToDoViewController.swift; sourceTree = "<group>"; };
		67C41C832899722E00C9BC81 /* completeToDoViewController.swift */ = {isa = PBXFileReference; lastKnownFileType = sourcecode.swift; path = completeToDoViewController.swift; sourceTree = "<group>"; };
/* End PBXFileReference section */

/* Begin PBXFrameworksBuildPhase section */
		6765EBA52898AA9C0045B221 /* Frameworks */ = {
			isa = PBXFrameworksBuildPhase;
			buildActionMask = 2147483647;
			files = (
			);
			runOnlyForDeploymentPostprocessing = 0;
		};
/* End PBXFrameworksBuildPhase section */

/* Begin PBXGroup section */
		6765EB9F2898AA9C0045B221 = {
			isa = PBXGroup;
			children = (
				6765EBAA2898AA9C0045B221 /* todoList */,
				6765EBA92898AA9C0045B221 /* Products */,
			);
			sourceTree = "<group>";
		};
		6765EBA92898AA9C0045B221 /* Products */ = {
			isa = PBXGroup;
			children = (
				6765EBA82898AA9C0045B221 /* todoList.app */,
			);
			name = Products;
			sourceTree = "<group>";
		};
		6765EBAA2898AA9C0045B221 /* todoList */ = {
			isa = PBXGroup;
			children = (
				6765EBAB2898AA9C0045B221 /* AppDelegate.swift */,
				6765EBAD2898AA9C0045B221 /* SceneDelegate.swift */,
				6765EBAF2898AA9C0045B221 /* ViewController.swift */,
				6765EBB12898AA9C0045B221 /* Main.storyboard */,
				6765EBB72898AA9F0045B221 /* Assets.xcassets */,
				6765EBB92898AA9F0045B221 /* LaunchScreen.storyboard */,
				6765EBBC2898AA9F0045B221 /* Info.plist */,
				6765EBB42898AA9D0045B221 /* todoList.xcdatamodeld */,
				6765EBC42898AF250045B221 /* ToDo.swift */,
				6765EBC22898AEA30045B221 /* To-DoTableViewController.swift */,
				67C41C8128996D2000C9BC81 /* addToDoViewController.swift */,
				67C41C832899722E00C9BC81 /* completeToDoViewController.swift */,
			);
			path = todoList;
			sourceTree = "<group>";
		};
/* End PBXGroup section */

/* Begin PBXNativeTarget section */
		6765EBA72898AA9C0045B221 /* todoList */ = {
			isa = PBXNativeTarget;
			buildConfigurationList = 6765EBBF2898AA9F0045B221 /* Build configuration list for PBXNativeTarget "todoList" */;
			buildPhases = (
				6765EBA42898AA9C0045B221 /* Sources */,
				6765EBA52898AA9C0045B221 /* Frameworks */,
				6765EBA62898AA9C0045B221 /* Resources */,
			);
			buildRules = (
			);
			dependencies = (
			);
			name = todoList;
			productName = todoList;
			productReference = 6765EBA82898AA9C0045B221 /* todoList.app */;
			productType = "com.apple.product-type.application";
		};
/* End PBXNativeTarget section */

/* Begin PBXProject section */
		6765EBA02898AA9C0045B221 /* Project object */ = {
			isa = PBXProject;
			attributes = {
				BuildIndependentTargetsInParallel = 1;
				LastSwiftUpdateCheck = 1340;
				LastUpgradeCheck = 1340;
				TargetAttributes = {
					6765EBA72898AA9C0045B221 = {
						CreatedOnToolsVersion = 13.4;
					};
				};
			};
			buildConfigurationList = 6765EBA32898AA9C0045B221 /* Build configuration list for PBXProject "todoList" */;
			compatibilityVersion = "Xcode 13.0";
			developmentRegion = en;
			hasScannedForEncodings = 0;
			knownRegions = (
				en,
				Base,
			);
			mainGroup = 6765EB9F2898AA9C0045B221;
			productRefGroup = 6765EBA92898AA9C0045B221 /* Products */;
			projectDirPath = "";
			projectRoot = "";
			targets = (
				6765EBA72898AA9C0045B221 /* todoList */,
			);
		};
/* End PBXProject section */

/* Begin PBXResourcesBuildPhase section */
		6765EBA62898AA9C0045B221 /* Resources */ = {
			isa = PBXResourcesBuildPhase;
			buildActionMask = 2147483647;
			files = (
				6765EBBB2898AA9F0045B221 /* LaunchScreen.storyboard in Resources */,
				6765EBB82898AA9F0045B221 /* Assets.xcassets in Resources */,
				6765EBB32898AA9C0045B221 /* Main.storyboard in Resources */,
			);
			runOnlyForDeploymentPostprocessing = 0;
		};
/* End PBXResourcesBuildPhase section */

/* Begin PBXSourcesBuildPhase section */
		6765EBA42898AA9C0045B221 /* Sources */ = {
			isa = PBXSourcesBuildPhase;
			buildActionMask = 2147483647;
			files = (
				6765EBB02898AA9C0045B221 /* ViewController.swift in Sources */,
				6765EBAC2898AA9C0045B221 /* AppDelegate.swift in Sources */,
				67C41C842899722E00C9BC81 /* completeToDoViewController.swift in Sources */,
				6765EBAE2898AA9C0045B221 /* SceneDelegate.swift in Sources */,
				6765EBC52898AF250045B221 /* ToDo.swift in Sources */,
				67C41C8228996D2000C9BC81 /* addToDoViewController.swift in Sources */,
				6765EBC32898AEA30045B221 /* To-DoTableViewController.swift in Sources */,
				6765EBB62898AA9D0045B221 /* todoList.xcdatamodeld in Sources */,
			);
			runOnlyForDeploymentPostprocessing = 0;
		};
/* End PBXSourcesBuildPhase section */

/* Begin PBXVariantGroup section */
		6765EBB12898AA9C0045B221 /* Main.storyboard */ = {
			isa = PBXVariantGroup;
			children = (
				6765EBB22898AA9C0045B221 /* Base */,
			);
			name = Main.storyboard;
			sourceTree = "<group>";
		};
		6765EBB92898AA9F0045B221 /* LaunchScreen.storyboard */ = {
			isa = PBXVariantGroup;
			children = (
				6765EBBA2898AA9F0045B221 /* Base */,
			);
			name = LaunchScreen.storyboard;
			sourceTree = "<group>";
		};
/* End PBXVariantGroup section */

/* Begin XCBuildConfiguration section */
		6765EBBD2898AA9F0045B221 /* Debug */ = {
			isa = XCBuildConfiguration;
			buildSettings = {
				ALWAYS_SEARCH_USER_PATHS = NO;
				CLANG_ANALYZER_NONNULL = YES;
				CLANG_ANALYZER_NUMBER_OBJECT_CONVERSION = YES_AGGRESSIVE;
				CLANG_CXX_LANGUAGE_STANDARD = "gnu++17";
				CLANG_ENABLE_MODULES = YES;
				CLANG_ENABLE_OBJC_ARC = YES;
				CLANG_ENABLE_OBJC_WEAK = YES;
				CLANG_WARN_BLOCK_CAPTURE_AUTORELEASING = YES;
				CLANG_WARN_BOOL_CONVERSION = YES;
				CLANG_WARN_COMMA = YES;
				CLANG_WARN_CONSTANT_CONVERSION = YES;
				CLANG_WARN_DEPRECATED_OBJC_IMPLEMENTATIONS = YES;
				CLANG_WARN_DIRECT_OBJC_ISA_USAGE = YES_ERROR;
				CLANG_WARN_DOCUMENTATION_COMMENTS = YES;
				CLANG_WARN_EMPTY_BODY = YES;
				CLANG_WARN_ENUM_CONVERSION = YES;
				CLANG_WARN_INFINITE_RECURSION = YES;
				CLANG_WARN_INT_CONVERSION = YES;
				CLANG_WARN_NON_LITERAL_NULL_CONVERSION = YES;
				CLANG_WARN_OBJC_IMPLICIT_RETAIN_SELF = YES;
				CLANG_WARN_OBJC_LITERAL_CONVERSION = YES;
				CLANG_WARN_OBJC_ROOT_CLASS = YES_ERROR;
				CLANG_WARN_QUOTED_INCLUDE_IN_FRAMEWORK_HEADER = YES;
				CLANG_WARN_RANGE_LOOP_ANALYSIS = YES;
				CLANG_WARN_STRICT_PROTOTYPES = YES;
				CLANG_WARN_SUSPICIOUS_MOVE = YES;
				CLANG_WARN_UNGUARDED_AVAILABILITY = YES_AGGRESSIVE;
				CLANG_WARN_UNREACHABLE_CODE = YES;
				CLANG_WARN__DUPLICATE_METHOD_MATCH = YES;
				COPY_PHASE_STRIP = NO;
				DEBUG_INFORMATION_FORMAT = dwarf;
				ENABLE_STRICT_OBJC_MSGSEND = YES;
				ENABLE_TESTABILITY = YES;
				GCC_C_LANGUAGE_STANDARD = gnu11;
				GCC_DYNAMIC_NO_PIC = NO;
				GCC_NO_COMMON_BLOCKS = YES;
				GCC_OPTIMIZATION_LEVEL = 0;
				GCC_PREPROCESSOR_DEFINITIONS = (
					"DEBUG=1",
					"$(inherited)",
				);
				GCC_WARN_64_TO_32_BIT_CONVERSION = YES;
				GCC_WARN_ABOUT_RETURN_TYPE = YES_ERROR;
				GCC_WARN_UNDECLARED_SELECTOR = YES;
				GCC_WARN_UNINITIALIZED_AUTOS = YES_AGGRESSIVE;
				GCC_WARN_UNUSED_FUNCTION = YES;
				GCC_WARN_UNUSED_VARIABLE = YES;
				IPHONEOS_DEPLOYMENT_TARGET = 15.5;
				MTL_ENABLE_DEBUG_INFO = INCLUDE_SOURCE;
				MTL_FAST_MATH = YES;
				ONLY_ACTIVE_ARCH = YES;
				SDKROOT = iphoneos;
				SWIFT_ACTIVE_COMPILATION_CONDITIONS = DEBUG;
				SWIFT_OPTIMIZATION_LEVEL = "-Onone";
			};
			name = Debug;
		};
		6765EBBE2898AA9F0045B221 /* Release */ = {
			isa = XCBuildConfiguration;
			buildSettings = {
				ALWAYS_SEARCH_USER_PATHS = NO;
				CLANG_ANALYZER_NONNULL = YES;
				CLANG_ANALYZER_NUMBER_OBJECT_CONVERSION = YES_AGGRESSIVE;
				CLANG_CXX_LANGUAGE_STANDARD = "gnu++17";
				CLANG_ENABLE_MODULES = YES;
				CLANG_ENABLE_OBJC_ARC = YES;
				CLANG_ENABLE_OBJC_WEAK = YES;
				CLANG_WARN_BLOCK_CAPTURE_AUTORELEASING = YES;
				CLANG_WARN_BOOL_CONVERSION = YES;
				CLANG_WARN_COMMA = YES;
				CLANG_WARN_CONSTANT_CONVERSION = YES;
				CLANG_WARN_DEPRECATED_OBJC_IMPLEMENTATIONS = YES;
				CLANG_WARN_DIRECT_OBJC_ISA_USAGE = YES_ERROR;
				CLANG_WARN_DOCUMENTATION_COMMENTS = YES;
				CLANG_WARN_EMPTY_BODY = YES;
				CLANG_WARN_ENUM_CONVERSION = YES;
				CLANG_WARN_INFINITE_RECURSION = YES;
				CLANG_WARN_INT_CONVERSION = YES;
				CLANG_WARN_NON_LITERAL_NULL_CONVERSION = YES;
				CLANG_WARN_OBJC_IMPLICIT_RETAIN_SELF = YES;
				CLANG_WARN_OBJC_LITERAL_CONVERSION = YES;
				CLANG_WARN_OBJC_ROOT_CLASS = YES_ERROR;
				CLANG_WARN_QUOTED_INCLUDE_IN_FRAMEWORK_HEADER = YES;
				CLANG_WARN_RANGE_LOOP_ANALYSIS = YES;
				CLANG_WARN_STRICT_PROTOTYPES = YES;
				CLANG_WARN_SUSPICIOUS_MOVE = YES;
				CLANG_WARN_UNGUARDED_AVAILABILITY = YES_AGGRESSIVE;
				CLANG_WARN_UNREACHABLE_CODE = YES;
				CLANG_WARN__DUPLICATE_METHOD_MATCH = YES;
				COPY_PHASE_STRIP = NO;
				DEBUG_INFORMATION_FORMAT = "dwarf-with-dsym";
				ENABLE_NS_ASSERTIONS = NO;
				ENABLE_STRICT_OBJC_MSGSEND = YES;
				GCC_C_LANGUAGE_STANDARD = gnu11;
				GCC_NO_COMMON_BLOCKS = YES;
				GCC_WARN_64_TO_32_BIT_CONVERSION = YES;
				GCC_WARN_ABOUT_RETURN_TYPE = YES_ERROR;
				GCC_WARN_UNDECLARED_SELECTOR = YES;
				GCC_WARN_UNINITIALIZED_AUTOS = YES_AGGRESSIVE;
				GCC_WARN_UNUSED_FUNCTION = YES;
				GCC_WARN_UNUSED_VARIABLE = YES;
				IPHONEOS_DEPLOYMENT_TARGET = 15.5;
				MTL_ENABLE_DEBUG_INFO = NO;
				MTL_FAST_MATH = YES;
				SDKROOT = iphoneos;
				SWIFT_COMPILATION_MODE = wholemodule;
				SWIFT_OPTIMIZATION_LEVEL = "-O";
				VALIDATE_PRODUCT = YES;
			};
			name = Release;
		};
		6765EBC02898AA9F0045B221 /* Debug */ = {
			isa = XCBuildConfiguration;
			buildSettings = {
				ASSETCATALOG_COMPILER_APPICON_NAME = AppIcon;
				ASSETCATALOG_COMPILER_GLOBAL_ACCENT_COLOR_NAME = AccentColor;
				CODE_SIGN_STYLE = Automatic;
				CURRENT_PROJECT_VERSION = 1;
				GENERATE_INFOPLIST_FILE = YES;
				INFOPLIST_FILE = todoList/Info.plist;
				INFOPLIST_KEY_UIApplicationSupportsIndirectInputEvents = YES;
				INFOPLIST_KEY_UILaunchStoryboardName = LaunchScreen;
				INFOPLIST_KEY_UIMainStoryboardFile = Main;
				INFOPLIST_KEY_UISupportedInterfaceOrientations_iPad = "UIInterfaceOrientationPortrait UIInterfaceOrientationPortraitUpsideDown UIInterfaceOrientationLandscapeLeft UIInterfaceOrientationLandscapeRight";
				INFOPLIST_KEY_UISupportedInterfaceOrientations_iPhone = "UIInterfaceOrientationPortrait UIInterfaceOrientationLandscapeLeft UIInterfaceOrientationLandscapeRight";
				LD_RUNPATH_SEARCH_PATHS = (
					"$(inherited)",
					"@executable_path/Frameworks",
				);
				MARKETING_VERSION = 1.0;
				PRODUCT_BUNDLE_IDENTIFIER = kwk.todoList;
				PRODUCT_NAME = "$(TARGET_NAME)";
				SWIFT_EMIT_LOC_STRINGS = YES;
				SWIFT_VERSION = 5.0;
				TARGETED_DEVICE_FAMILY = "1,2";
			};
			name = Debug;
		};
		6765EBC12898AA9F0045B221 /* Release */ = {
			isa = XCBuildConfiguration;
			buildSettings = {
				ASSETCATALOG_COMPILER_APPICON_NAME = AppIcon;
				ASSETCATALOG_COMPILER_GLOBAL_ACCENT_COLOR_NAME = AccentColor;
				CODE_SIGN_STYLE = Automatic;
				CURRENT_PROJECT_VERSION = 1;
				GENERATE_INFOPLIST_FILE = YES;
				INFOPLIST_FILE = todoList/Info.plist;
				INFOPLIST_KEY_UIApplicationSupportsIndirectInputEvents = YES;
				INFOPLIST_KEY_UILaunchStoryboardName = LaunchScreen;
				INFOPLIST_KEY_UIMainStoryboardFile = Main;
				INFOPLIST_KEY_UISupportedInterfaceOrientations_iPad = "UIInterfaceOrientationPortrait UIInterfaceOrientationPortraitUpsideDown UIInterfaceOrientationLandscapeLeft UIInterfaceOrientationLandscapeRight";
				INFOPLIST_KEY_UISupportedInterfaceOrientations_iPhone = "UIInterfaceOrientationPortrait UIInterfaceOrientationLandscapeLeft UIInterfaceOrientationLandscapeRight";
				LD_RUNPATH_SEARCH_PATHS = (
					"$(inherited)",
					"@executable_path/Frameworks",
				);
				MARKETING_VERSION = 1.0;
				PRODUCT_BUNDLE_IDENTIFIER = kwk.todoList;
				PRODUCT_NAME = "$(TARGET_NAME)";
				SWIFT_EMIT_LOC_STRINGS = YES;
				SWIFT_VERSION = 5.0;
				TARGETED_DEVICE_FAMILY = "1,2";
			};
			name = Release;
		};
/* End XCBuildConfiguration section */

/* Begin XCConfigurationList section */
		6765EBA32898AA9C0045B221 /* Build configuration list for PBXProject "todoList" */ = {
			isa = XCConfigurationList;
			buildConfigurations = (
				6765EBBD2898AA9F0045B221 /* Debug */,
				6765EBBE2898AA9F0045B221 /* Release */,
			);
			defaultConfigurationIsVisible = 0;
			defaultConfigurationName = Release;
		};
		6765EBBF2898AA9F0045B221 /* Build configuration list for PBXNativeTarget "todoList" */ = {
			isa = XCConfigurationList;
			buildConfigurations = (
				6765EBC02898AA9F0045B221 /* Debug */,
				6765EBC12898AA9F0045B221 /* Release */,
			);
			defaultConfigurationIsVisible = 0;
			defaultConfigurationName = Release;
		};
/* End XCConfigurationList section */

/* Begin XCVersionGroup section */
		6765EBB42898AA9D0045B221 /* todoList.xcdatamodeld */ = {
			isa = XCVersionGroup;
			children = (
				6765EBB52898AA9D0045B221 /* todoList.xcdatamodel */,
			);
			currentVersion = 6765EBB52898AA9D0045B221 /* todoList.xcdatamodel */;
			path = todoList.xcdatamodeld;
			sourceTree = "<group>";
			versionGroupType = wrapper.xcdatamodel;
		};
/* End XCVersionGroup section */
	};
	rootObject = 6765EBA02898AA9C0045B221 /* Project object */;
}
